
Microsoft Visual Studio Solution File, Format Version 12.00
# Visual Studio Version 17
VisualStudioVersion = 17.1.32328.378
MinimumVisualStudioVersion = 10.0.40219.1
Project("{FAE04EC0-301F-11D3-BF4B-00C04F79EFBC}") = "DataSharingTechniquesExample", "DataSharingTechniquesExample.csproj", "{CAC2A503-2FED-42F9-B7F0-5F09BEC5C78C}"
EndProject
Global
	GlobalSection(SolutionConfigurationPlatforms) = preSolution
		Debug|Any CPU = Debug|Any CPU
		Release|Any CPU = Release|Any CPU
	EndGlobalSection
	GlobalSection(ProjectConfigurationPlatforms) = postSolution
		{CAC2A503-2FED-42F9-B7F0-5F09BEC5C78C}.Debug|Any CPU.ActiveCfg = Debug|Any CPU
		{CAC2A503-2FED-42F9-B7F0-5F09BEC5C78C}.Debug|Any CPU.Build.0 = Debug|Any CPU
		{CAC2A503-2FED-42F9-B7F0-5F09BEC5C78C}.Release|Any CPU.ActiveCfg = Release|Any CPU
		{CAC2A503-2FED-42F9-B7F0-5F09BEC5C78C}.Release|Any CPU.Build.0 = Release|Any CPU
	EndGlobalSection
	GlobalSection(SolutionProperties) = preSolution
		HideSolutionNode = FALSE
	EndGlobalSection
	GlobalSection(ExtensibilityGlobals) = postSolution
		SolutionGuid = {62F6503D-FB14-4320-B4D1-D69C5B84EF06}
	EndGlobalSection
EndGlobal
